
Microsoft Visual Studio Solution File, Format Version 12.00
# Visual Studio Version 17
VisualStudioVersion = 17.8.34322.80
MinimumVisualStudioVersion = 10.0.40219.1
Project("{FAE04EC0-301F-11D3-BF4B-00C04F79EFBC}") = "movie-ecommerce", "movie-ecommerce\movie-ecommerce.csproj", "{B2BE0472-7AFD-4107-B8AD-3B2F2F6F8533}"
EndProject
Global
	GlobalSection(SolutionConfigurationPlatforms) = preSolution
		Debug|Any CPU = Debug|Any CPU
		Release|Any CPU = Release|Any CPU
	EndGlobalSection
	GlobalSection(ProjectConfigurationPlatforms) = postSolution
		{B2BE0472-7AFD-4107-B8AD-3B2F2F6F8533}.Debug|Any CPU.ActiveCfg = Debug|Any CPU
		{B2BE0472-7AFD-4107-B8AD-3B2F2F6F8533}.Debug|Any CPU.Build.0 = Debug|Any CPU
		{B2BE0472-7AFD-4107-B8AD-3B2F2F6F8533}.Release|Any CPU.ActiveCfg = Release|Any CPU
		{B2BE0472-7AFD-4107-B8AD-3B2F2F6F8533}.Release|Any CPU.Build.0 = Release|Any CPU
	EndGlobalSection
	GlobalSection(SolutionProperties) = preSolution
		HideSolutionNode = FALSE
	EndGlobalSection
	GlobalSection(ExtensibilityGlobals) = postSolution
		SolutionGuid = {6236AB74-E50C-4404-8E8A-9429447E203C}
	EndGlobalSection
EndGlobal
